
Microsoft Visual Studio Solution File, Format Version 12.00
# Visual Studio 15
VisualStudioVersion = 15.0.27130.2020
MinimumVisualStudioVersion = 10.0.40219.1
Project("{FAE04EC0-301F-11D3-BF4B-00C04F79EFBC}") = "GinClientApp", "GinClientApp\GinClientApp.csproj", "{07DCE841-1345-46EC-AD5A-289D4B77B73E}"
	ProjectSection(ProjectDependencies) = postProject
		{8687E754-5DC6-4B69-80A2-9F6BD2E6340F} = {8687E754-5DC6-4B69-80A2-9F6BD2E6340F}
	EndProjectSection
EndProject
Project("{FAE04EC0-301F-11D3-BF4B-00C04F79EFBC}") = "GinClientLibrary", "GinClientLibrary\GinClientLibrary.csproj", "{BC992C0B-8187-4CCA-8827-617A4A85575D}"
EndProject
Project("{FAE04EC0-301F-11D3-BF4B-00C04F79EFBC}") = "GinService", "GinClientService\GinService.csproj", "{8687E754-5DC6-4B69-80A2-9F6BD2E6340F}"
EndProject
Project("{FAE04EC0-301F-11D3-BF4B-00C04F79EFBC}") = "GinShellExtension", "GinShellExtension\GinShellExtension.csproj", "{1FE82056-FFB4-41E3-9700-8470B9FEB318}"
	ProjectSection(ProjectDependencies) = postProject
		{8687E754-5DC6-4B69-80A2-9F6BD2E6340F} = {8687E754-5DC6-4B69-80A2-9F6BD2E6340F}
	EndProjectSection
EndProject
Project("{54435603-DBB4-11D2-8724-00A0C9A8B90C}") = "Setup", "Setup\Setup.vdproj", "{F8C5B0E5-38AC-42A6-9889-04933F470AFE}"
EndProject
Global
	GlobalSection(SolutionConfigurationPlatforms) = preSolution
		Debug|Any CPU = Debug|Any CPU
		Debug|x86 = Debug|x86
		Release|Any CPU = Release|Any CPU
		Release|x86 = Release|x86
	EndGlobalSection
	GlobalSection(ProjectConfigurationPlatforms) = postSolution
		{07DCE841-1345-46EC-AD5A-289D4B77B73E}.Debug|Any CPU.ActiveCfg = Debug|Any CPU
		{07DCE841-1345-46EC-AD5A-289D4B77B73E}.Debug|Any CPU.Build.0 = Debug|Any CPU
		{07DCE841-1345-46EC-AD5A-289D4B77B73E}.Debug|x86.ActiveCfg = Debug|Any CPU
		{07DCE841-1345-46EC-AD5A-289D4B77B73E}.Debug|x86.Build.0 = Debug|Any CPU
		{07DCE841-1345-46EC-AD5A-289D4B77B73E}.Release|Any CPU.ActiveCfg = Release|Any CPU
		{07DCE841-1345-46EC-AD5A-289D4B77B73E}.Release|Any CPU.Build.0 = Release|Any CPU
		{07DCE841-1345-46EC-AD5A-289D4B77B73E}.Release|x86.ActiveCfg = Release|Any CPU
		{07DCE841-1345-46EC-AD5A-289D4B77B73E}.Release|x86.Build.0 = Release|Any CPU
		{BC992C0B-8187-4CCA-8827-617A4A85575D}.Debug|Any CPU.ActiveCfg = Debug|Any CPU
		{BC992C0B-8187-4CCA-8827-617A4A85575D}.Debug|Any CPU.Build.0 = Debug|Any CPU
		{BC992C0B-8187-4CCA-8827-617A4A85575D}.Debug|x86.ActiveCfg = Debug|Any CPU
		{BC992C0B-8187-4CCA-8827-617A4A85575D}.Debug|x86.Build.0 = Debug|Any CPU
		{BC992C0B-8187-4CCA-8827-617A4A85575D}.Release|Any CPU.ActiveCfg = Release|Any CPU
		{BC992C0B-8187-4CCA-8827-617A4A85575D}.Release|Any CPU.Build.0 = Release|Any CPU
		{BC992C0B-8187-4CCA-8827-617A4A85575D}.Release|x86.ActiveCfg = Release|Any CPU
		{BC992C0B-8187-4CCA-8827-617A4A85575D}.Release|x86.Build.0 = Release|Any CPU
		{8687E754-5DC6-4B69-80A2-9F6BD2E6340F}.Debug|Any CPU.ActiveCfg = Debug|Any CPU
		{8687E754-5DC6-4B69-80A2-9F6BD2E6340F}.Debug|Any CPU.Build.0 = Debug|Any CPU
		{8687E754-5DC6-4B69-80A2-9F6BD2E6340F}.Debug|x86.ActiveCfg = Debug|Any CPU
		{8687E754-5DC6-4B69-80A2-9F6BD2E6340F}.Debug|x86.Build.0 = Debug|Any CPU
		{8687E754-5DC6-4B69-80A2-9F6BD2E6340F}.Release|Any CPU.ActiveCfg = Release|Any CPU
		{8687E754-5DC6-4B69-80A2-9F6BD2E6340F}.Release|Any CPU.Build.0 = Release|Any CPU
		{8687E754-5DC6-4B69-80A2-9F6BD2E6340F}.Release|x86.ActiveCfg = Release|Any CPU
		{8687E754-5DC6-4B69-80A2-9F6BD2E6340F}.Release|x86.Build.0 = Release|Any CPU
		{1FE82056-FFB4-41E3-9700-8470B9FEB318}.Debug|Any CPU.ActiveCfg = Debug|Any CPU
		{1FE82056-FFB4-41E3-9700-8470B9FEB318}.Debug|Any CPU.Build.0 = Debug|Any CPU
		{1FE82056-FFB4-41E3-9700-8470B9FEB318}.Debug|x86.ActiveCfg = Debug|Any CPU
		{1FE82056-FFB4-41E3-9700-8470B9FEB318}.Debug|x86.Build.0 = Debug|Any CPU
		{1FE82056-FFB4-41E3-9700-8470B9FEB318}.Release|Any CPU.ActiveCfg = Release|Any CPU
		{1FE82056-FFB4-41E3-9700-8470B9FEB318}.Release|Any CPU.Build.0 = Release|Any CPU
		{1FE82056-FFB4-41E3-9700-8470B9FEB318}.Release|x86.ActiveCfg = Release|Any CPU
		{1FE82056-FFB4-41E3-9700-8470B9FEB318}.Release|x86.Build.0 = Release|Any CPU
		{F8C5B0E5-38AC-42A6-9889-04933F470AFE}.Debug|Any CPU.ActiveCfg = Debug
		{F8C5B0E5-38AC-42A6-9889-04933F470AFE}.Debug|x86.ActiveCfg = Debug
		{F8C5B0E5-38AC-42A6-9889-04933F470AFE}.Release|Any CPU.ActiveCfg = Release
		{F8C5B0E5-38AC-42A6-9889-04933F470AFE}.Release|x86.ActiveCfg = Release
	EndGlobalSection
	GlobalSection(SolutionProperties) = preSolution
		HideSolutionNode = FALSE
	EndGlobalSection
	GlobalSection(ExtensibilityGlobals) = postSolution
		SolutionGuid = {3B35A38F-2208-4F58-AB55-0E67DBDC6229}
	EndGlobalSection
EndGlobal
