
Microsoft Visual Studio Solution File, Format Version 12.00
# Visual Studio 15
VisualStudioVersion = 15.0.27130.2036
MinimumVisualStudioVersion = 10.0.40219.1
Project("{FAE04EC0-301F-11D3-BF4B-00C04F79EFBC}") = "GinClientApp", "GinClientApp\GinClientApp.csproj", "{07DCE841-1345-46EC-AD5A-289D4B77B73E}"
EndProject
Project("{FAE04EC0-301F-11D3-BF4B-00C04F79EFBC}") = "GinClientLibrary", "GinClientLibrary\GinClientLibrary.csproj", "{BC992C0B-8187-4CCA-8827-617A4A85575D}"
EndProject
Project("{FAE04EC0-301F-11D3-BF4B-00C04F79EFBC}") = "GinShellExtension", "GinShellExtension\GinShellExtension.csproj", "{1FE82056-FFB4-41E3-9700-8470B9FEB318}"
EndProject
Project("{54435603-DBB4-11D2-8724-00A0C9A8B90C}") = "Setup", "Setup\Setup.vdproj", "{F8C5B0E5-38AC-42A6-9889-04933F470AFE}"
EndProject
Project("{FAE04EC0-301F-11D3-BF4B-00C04F79EFBC}") = "InstallerLibrary", "InstallerLibrary\InstallerLibrary.csproj", "{9415981D-6687-42F7-86A6-2E1259DAF0F1}"
EndProject
Project("{FAE04EC0-301F-11D3-BF4B-00C04F79EFBC}") = "Updater", "Updater\Updater.csproj", "{922930DF-491B-4958-8ED6-8CD3E838CA2E}"
EndProject
Global
	GlobalSection(SolutionConfigurationPlatforms) = preSolution
		Debug|Any CPU = Debug|Any CPU
		Debug|x86 = Debug|x86
		Release|Any CPU = Release|Any CPU
		Release|x86 = Release|x86
	EndGlobalSection
	GlobalSection(ProjectConfigurationPlatforms) = postSolution
		{07DCE841-1345-46EC-AD5A-289D4B77B73E}.Debug|Any CPU.ActiveCfg = Debug|Any CPU
		{07DCE841-1345-46EC-AD5A-289D4B77B73E}.Debug|Any CPU.Build.0 = Debug|Any CPU
		{07DCE841-1345-46EC-AD5A-289D4B77B73E}.Debug|x86.ActiveCfg = Debug|Any CPU
		{07DCE841-1345-46EC-AD5A-289D4B77B73E}.Debug|x86.Build.0 = Debug|Any CPU
		{07DCE841-1345-46EC-AD5A-289D4B77B73E}.Release|Any CPU.ActiveCfg = Release|Any CPU
		{07DCE841-1345-46EC-AD5A-289D4B77B73E}.Release|Any CPU.Build.0 = Release|Any CPU
		{07DCE841-1345-46EC-AD5A-289D4B77B73E}.Release|x86.ActiveCfg = Release|Any CPU
		{07DCE841-1345-46EC-AD5A-289D4B77B73E}.Release|x86.Build.0 = Release|Any CPU
		{BC992C0B-8187-4CCA-8827-617A4A85575D}.Debug|Any CPU.ActiveCfg = Debug|Any CPU
		{BC992C0B-8187-4CCA-8827-617A4A85575D}.Debug|Any CPU.Build.0 = Debug|Any CPU
		{BC992C0B-8187-4CCA-8827-617A4A85575D}.Debug|x86.ActiveCfg = Debug|Any CPU
		{BC992C0B-8187-4CCA-8827-617A4A85575D}.Debug|x86.Build.0 = Debug|Any CPU
		{BC992C0B-8187-4CCA-8827-617A4A85575D}.Release|Any CPU.ActiveCfg = Release|Any CPU
		{BC992C0B-8187-4CCA-8827-617A4A85575D}.Release|Any CPU.Build.0 = Release|Any CPU
		{BC992C0B-8187-4CCA-8827-617A4A85575D}.Release|x86.ActiveCfg = Release|Any CPU
		{BC992C0B-8187-4CCA-8827-617A4A85575D}.Release|x86.Build.0 = Release|Any CPU
		{1FE82056-FFB4-41E3-9700-8470B9FEB318}.Debug|Any CPU.ActiveCfg = Debug|Any CPU
		{1FE82056-FFB4-41E3-9700-8470B9FEB318}.Debug|Any CPU.Build.0 = Debug|Any CPU
		{1FE82056-FFB4-41E3-9700-8470B9FEB318}.Debug|x86.ActiveCfg = Debug|Any CPU
		{1FE82056-FFB4-41E3-9700-8470B9FEB318}.Debug|x86.Build.0 = Debug|Any CPU
		{1FE82056-FFB4-41E3-9700-8470B9FEB318}.Release|Any CPU.ActiveCfg = Release|Any CPU
		{1FE82056-FFB4-41E3-9700-8470B9FEB318}.Release|Any CPU.Build.0 = Release|Any CPU
		{1FE82056-FFB4-41E3-9700-8470B9FEB318}.Release|x86.ActiveCfg = Release|Any CPU
		{1FE82056-FFB4-41E3-9700-8470B9FEB318}.Release|x86.Build.0 = Release|Any CPU
		{F8C5B0E5-38AC-42A6-9889-04933F470AFE}.Debug|Any CPU.ActiveCfg = Debug
		{F8C5B0E5-38AC-42A6-9889-04933F470AFE}.Debug|x86.ActiveCfg = Debug
		{F8C5B0E5-38AC-42A6-9889-04933F470AFE}.Release|Any CPU.ActiveCfg = Release
		{F8C5B0E5-38AC-42A6-9889-04933F470AFE}.Release|x86.ActiveCfg = Release
		{9415981D-6687-42F7-86A6-2E1259DAF0F1}.Debug|Any CPU.ActiveCfg = Debug|Any CPU
		{9415981D-6687-42F7-86A6-2E1259DAF0F1}.Debug|Any CPU.Build.0 = Debug|Any CPU
		{9415981D-6687-42F7-86A6-2E1259DAF0F1}.Debug|x86.ActiveCfg = Debug|Any CPU
		{9415981D-6687-42F7-86A6-2E1259DAF0F1}.Debug|x86.Build.0 = Debug|Any CPU
		{9415981D-6687-42F7-86A6-2E1259DAF0F1}.Release|Any CPU.ActiveCfg = Release|Any CPU
		{9415981D-6687-42F7-86A6-2E1259DAF0F1}.Release|Any CPU.Build.0 = Release|Any CPU
		{9415981D-6687-42F7-86A6-2E1259DAF0F1}.Release|x86.ActiveCfg = Release|Any CPU
		{9415981D-6687-42F7-86A6-2E1259DAF0F1}.Release|x86.Build.0 = Release|Any CPU
		{922930DF-491B-4958-8ED6-8CD3E838CA2E}.Debug|Any CPU.ActiveCfg = Debug|Any CPU
		{922930DF-491B-4958-8ED6-8CD3E838CA2E}.Debug|Any CPU.Build.0 = Debug|Any CPU
		{922930DF-491B-4958-8ED6-8CD3E838CA2E}.Debug|x86.ActiveCfg = Debug|Any CPU
		{922930DF-491B-4958-8ED6-8CD3E838CA2E}.Debug|x86.Build.0 = Debug|Any CPU
		{922930DF-491B-4958-8ED6-8CD3E838CA2E}.Release|Any CPU.ActiveCfg = Release|Any CPU
		{922930DF-491B-4958-8ED6-8CD3E838CA2E}.Release|Any CPU.Build.0 = Release|Any CPU
		{922930DF-491B-4958-8ED6-8CD3E838CA2E}.Release|x86.ActiveCfg = Release|Any CPU
		{922930DF-491B-4958-8ED6-8CD3E838CA2E}.Release|x86.Build.0 = Release|Any CPU
	EndGlobalSection
	GlobalSection(SolutionProperties) = preSolution
		HideSolutionNode = FALSE
	EndGlobalSection
	GlobalSection(ExtensibilityGlobals) = postSolution
		SolutionGuid = {3B35A38F-2208-4F58-AB55-0E67DBDC6229}
	EndGlobalSection
EndGlobal
